
Microsoft Visual Studio Solution File, Format Version 12.00
# Visual Studio Version 17
VisualStudioVersion = 17.14.36301.6 d17.14
MinimumVisualStudioVersion = 10.0.40219.1
Project("{8BC9CEB8-8B4A-11D0-8D11-00A0C91BC942}") = "ProjectTwo", "ProjectTwo\ProjectTwo.vcxproj", "{E8D3442C-7F73-4592-81F1-DFBC9DEB50FB}"
EndProject
Global
	GlobalSection(SolutionConfigurationPlatforms) = preSolution
		Debug|x64 = Debug|x64
		Debug|x86 = Debug|x86
		Release|x64 = Release|x64
		Release|x86 = Release|x86
	EndGlobalSection
	GlobalSection(ProjectConfigurationPlatforms) = postSolution
		{E8D3442C-7F73-4592-81F1-DFBC9DEB50FB}.Debug|x64.ActiveCfg = Debug|x64
		{E8D3442C-7F73-4592-81F1-DFBC9DEB50FB}.Debug|x64.Build.0 = Debug|x64
		{E8D3442C-7F73-4592-81F1-DFBC9DEB50FB}.Debug|x86.ActiveCfg = Debug|Win32
		{E8D3442C-7F73-4592-81F1-DFBC9DEB50FB}.Debug|x86.Build.0 = Debug|Win32
		{E8D3442C-7F73-4592-81F1-DFBC9DEB50FB}.Release|x64.ActiveCfg = Release|x64
		{E8D3442C-7F73-4592-81F1-DFBC9DEB50FB}.Release|x64.Build.0 = Release|x64
		{E8D3442C-7F73-4592-81F1-DFBC9DEB50FB}.Release|x86.ActiveCfg = Release|Win32
		{E8D3442C-7F73-4592-81F1-DFBC9DEB50FB}.Release|x86.Build.0 = Release|Win32
	EndGlobalSection
	GlobalSection(SolutionProperties) = preSolution
		HideSolutionNode = FALSE
	EndGlobalSection
	GlobalSection(ExtensibilityGlobals) = postSolution
		SolutionGuid = {85FF39FB-C0DD-406F-84EE-55B99CF93656}
	EndGlobalSection
EndGlobal
